
Microsoft Visual Studio Solution File, Format Version 11.00
# Visual Studio 2010
Project("{FAE04EC0-301F-11D3-BF4B-00C04F79EFBC}") = "Green Thumb - From Friday Oct 19", "Assembly-CSharp.csproj", "{0B4D98CD-5D3B-93AF-7168-448807928098}"
EndProject
Global
	GlobalSection(SolutionConfigurationPlatforms) = preSolution
		Debug|Any CPU = Debug|Any CPU
		Release|Any CPU = Release|Any CPU
	EndGlobalSection
	GlobalSection(ProjectConfigurationPlatforms) = postSolution
		{0B4D98CD-5D3B-93AF-7168-448807928098}.Debug|Any CPU.ActiveCfg = Debug|Any CPU
		{0B4D98CD-5D3B-93AF-7168-448807928098}.Debug|Any CPU.Build.0 = Debug|Any CPU
		{0B4D98CD-5D3B-93AF-7168-448807928098}.Release|Any CPU.ActiveCfg = Release|Any CPU
		{0B4D98CD-5D3B-93AF-7168-448807928098}.Release|Any CPU.Build.0 = Release|Any CPU
	EndGlobalSection
	GlobalSection(SolutionProperties) = preSolution
		HideSolutionNode = FALSE
	EndGlobalSection
	GlobalSection(MonoDevelopProperties) = preSolution
		StartupItem = Assembly-CSharp.csproj
	EndGlobalSection
EndGlobal
